
Microsoft Visual Studio Solution File, Format Version 12.00
# Visual Studio Version 16
VisualStudioVersion = 16.0.29613.14
MinimumVisualStudioVersion = 10.0.40219.1
Project("{FAE04EC0-301F-11D3-BF4B-00C04F79EFBC}") = "OOP2019", "OOP2019\OOP2019.csproj", "{1AF01171-B5E1-40E5-9DCD-CDF1F3DCA0B1}"
EndProject
Global
	GlobalSection(SolutionConfigurationPlatforms) = preSolution
		Debug|Any CPU = Debug|Any CPU
		Release|Any CPU = Release|Any CPU
	EndGlobalSection
	GlobalSection(ProjectConfigurationPlatforms) = postSolution
		{1AF01171-B5E1-40E5-9DCD-CDF1F3DCA0B1}.Debug|Any CPU.ActiveCfg = Debug|Any CPU
		{1AF01171-B5E1-40E5-9DCD-CDF1F3DCA0B1}.Debug|Any CPU.Build.0 = Debug|Any CPU
		{1AF01171-B5E1-40E5-9DCD-CDF1F3DCA0B1}.Release|Any CPU.ActiveCfg = Release|Any CPU
		{1AF01171-B5E1-40E5-9DCD-CDF1F3DCA0B1}.Release|Any CPU.Build.0 = Release|Any CPU
	EndGlobalSection
	GlobalSection(SolutionProperties) = preSolution
		HideSolutionNode = FALSE
	EndGlobalSection
	GlobalSection(ExtensibilityGlobals) = postSolution
		SolutionGuid = {89ADDF1C-93B7-4F07-A8E0-54C99B9B0C7F}
	EndGlobalSection
EndGlobal
