
Microsoft Visual Studio Solution File, Format Version 12.00
# Visual Studio Version 16
VisualStudioVersion = 16.0.29409.12
MinimumVisualStudioVersion = 10.0.40219.1
Project("{FAE04EC0-301F-11D3-BF4B-00C04F79EFBC}") = "probnekolo", "probnekolo\probnekolo.csproj", "{9E3E9353-24AB-41D9-AAC5-291358AD93DB}"
EndProject
Global
	GlobalSection(SolutionConfigurationPlatforms) = preSolution
		Debug|Any CPU = Debug|Any CPU
		Release|Any CPU = Release|Any CPU
	EndGlobalSection
	GlobalSection(ProjectConfigurationPlatforms) = postSolution
		{9E3E9353-24AB-41D9-AAC5-291358AD93DB}.Debug|Any CPU.ActiveCfg = Debug|Any CPU
		{9E3E9353-24AB-41D9-AAC5-291358AD93DB}.Debug|Any CPU.Build.0 = Debug|Any CPU
		{9E3E9353-24AB-41D9-AAC5-291358AD93DB}.Release|Any CPU.ActiveCfg = Release|Any CPU
		{9E3E9353-24AB-41D9-AAC5-291358AD93DB}.Release|Any CPU.Build.0 = Release|Any CPU
	EndGlobalSection
	GlobalSection(SolutionProperties) = preSolution
		HideSolutionNode = FALSE
	EndGlobalSection
	GlobalSection(ExtensibilityGlobals) = postSolution
		SolutionGuid = {7F43F2F4-C60D-4BD8-8460-205FC0CEFD57}
	EndGlobalSection
EndGlobal
